{
  "nodes": {
    "nixpkgs": {
      "locked": {
        "lastModified": 1677995890,
        "narHash": "sha256-eOnCn0o3I6LP48fAi8xWFcn49V2rL7oX5jCtJTeN1LI=",
        "owner": "nixos",
        "repo": "nixpkgs",
        "rev": "a1240f6b4a0bcc84fc48008b396a140d9f3638f6",
        "type": "github"
      },
      "original": {
        "owner": "nixos",
        "ref": "nixpkgs-unstable",
        "repo": "nixpkgs",
        "type": "github"
      }
    },
    "root": {
      "inputs": {
        "nixpkgs": "nixpkgs",
        "wallpapers": "wallpapers"
      }
    },
    "wallpapers": {
      "flake": false,
      "locked": {
        "lastModified": 1678117636,
        "narHash": "sha256-o6qHbbm61mDcNrojwVb4ROHF+7vUrQ9F0+QAMapHDkg=",
        "owner": "sachnr",
        "repo": "wallpapers",
        "rev": "c062aa19922f0d00e3cecc1a02986201ffad1eb5",
        "type": "github"
      },
      "original": {
        "owner": "sachnr",
        "repo": "wallpapers",
        "type": "github"
      }
    }
  },
  "root": "root",
  "version": 7
}
